
Microsoft Visual Studio Solution File, Format Version 12.00
# Visual Studio Version 16
VisualStudioVersion = 16.0.31613.86
MinimumVisualStudioVersion = 10.0.40219.1
Project("{FAE04EC0-301F-11D3-BF4B-00C04F79EFBC}") = "EducationProject", "EducationProject\EducationProject.csproj", "{0A2F932E-807B-4159-99C7-F4E55345C5D1}"
EndProject
Global
	GlobalSection(SolutionConfigurationPlatforms) = preSolution
		Debug|Any CPU = Debug|Any CPU
		Release|Any CPU = Release|Any CPU
	EndGlobalSection
	GlobalSection(ProjectConfigurationPlatforms) = postSolution
		{0A2F932E-807B-4159-99C7-F4E55345C5D1}.Debug|Any CPU.ActiveCfg = Debug|Any CPU
		{0A2F932E-807B-4159-99C7-F4E55345C5D1}.Debug|Any CPU.Build.0 = Debug|Any CPU
		{0A2F932E-807B-4159-99C7-F4E55345C5D1}.Release|Any CPU.ActiveCfg = Release|Any CPU
		{0A2F932E-807B-4159-99C7-F4E55345C5D1}.Release|Any CPU.Build.0 = Release|Any CPU
	EndGlobalSection
	GlobalSection(SolutionProperties) = preSolution
		HideSolutionNode = FALSE
	EndGlobalSection
	GlobalSection(ExtensibilityGlobals) = postSolution
		SolutionGuid = {3169BCA7-2F6A-4EF3-8AAB-6AC8368CFC28}
	EndGlobalSection
EndGlobal
